
  
{
  "name": "gme",
  "version": "ver",
  "lockfileVersion": 2,
  "requires": true,
  "packages": {
    "": {
      "name": "majiktrikbot-alpha",
      "version": "ref-alphaconfig.json",
      "license": "ISC",
      "dependencies": {
        "chart.js": "^3.2.1",
        "colors": "^1.4.0",
        "discord.js": "^12.5.3",
        "dotenv": "^8.2.0",
        "node": "^14.18.1"
      },
      "devDependencies": {
        "nodemon": "^1.19.4"
      }
    }
  }
}
